
Microsoft Visual Studio Solution File, Format Version 12.00
Project("{FAE04EC0-301F-11D3-BF4B-00C04F79EFBC}") = "ArmstrongNumbersCSharp", "ArmstrongNumbersCSharp.csproj", "{B743B24D-3BB3-4B62-B28A-9E82A11D7052}"
EndProject
Global
	GlobalSection(SolutionConfigurationPlatforms) = preSolution
		Debug|Any CPU = Debug|Any CPU
		Release|Any CPU = Release|Any CPU
	EndGlobalSection
	GlobalSection(ProjectConfigurationPlatforms) = postSolution
		{B743B24D-3BB3-4B62-B28A-9E82A11D7052}.Debug|Any CPU.ActiveCfg = Debug|Any CPU
		{B743B24D-3BB3-4B62-B28A-9E82A11D7052}.Debug|Any CPU.Build.0 = Debug|Any CPU
		{B743B24D-3BB3-4B62-B28A-9E82A11D7052}.Release|Any CPU.ActiveCfg = Release|Any CPU
		{B743B24D-3BB3-4B62-B28A-9E82A11D7052}.Release|Any CPU.Build.0 = Release|Any CPU
	EndGlobalSection
EndGlobal
